
Microsoft Visual Studio Solution File, Format Version 12.00
# Visual Studio Version 16
VisualStudioVersion = 16.0.29123.88
MinimumVisualStudioVersion = 10.0.40219.1
Project("{FAE04EC0-301F-11D3-BF4B-00C04F79EFBC}") = "MuniCanta", "MuniCanta\MuniCanta.csproj", "{247B7EB4-5D98-45CB-93E2-DBDE67BF9427}"
EndProject
Global
	GlobalSection(SolutionConfigurationPlatforms) = preSolution
		Debug|Any CPU = Debug|Any CPU
		Release|Any CPU = Release|Any CPU
	EndGlobalSection
	GlobalSection(ProjectConfigurationPlatforms) = postSolution
		{247B7EB4-5D98-45CB-93E2-DBDE67BF9427}.Debug|Any CPU.ActiveCfg = Debug|Any CPU
		{247B7EB4-5D98-45CB-93E2-DBDE67BF9427}.Debug|Any CPU.Build.0 = Debug|Any CPU
		{247B7EB4-5D98-45CB-93E2-DBDE67BF9427}.Release|Any CPU.ActiveCfg = Release|Any CPU
		{247B7EB4-5D98-45CB-93E2-DBDE67BF9427}.Release|Any CPU.Build.0 = Release|Any CPU
	EndGlobalSection
	GlobalSection(SolutionProperties) = preSolution
		HideSolutionNode = FALSE
	EndGlobalSection
	GlobalSection(ExtensibilityGlobals) = postSolution
		SolutionGuid = {73313ED5-4264-4673-BD45-768C4A07C748}
	EndGlobalSection
EndGlobal
